
Microsoft Visual Studio Solution File, Format Version 12.00
# Visual Studio Version 16
VisualStudioVersion = 16.0.30907.101
MinimumVisualStudioVersion = 10.0.40219.1
Project("{9A19103F-16F7-4668-BE54-9A1E7A4F7556}") = "Archivos", "Archivos\Archivos.csproj", "{AD955ADE-FBDD-4D92-8A73-ABD5433F7993}"
EndProject
Global
	GlobalSection(SolutionConfigurationPlatforms) = preSolution
		Debug|Any CPU = Debug|Any CPU
		Release|Any CPU = Release|Any CPU
	EndGlobalSection
	GlobalSection(ProjectConfigurationPlatforms) = postSolution
		{AD955ADE-FBDD-4D92-8A73-ABD5433F7993}.Debug|Any CPU.ActiveCfg = Debug|Any CPU
		{AD955ADE-FBDD-4D92-8A73-ABD5433F7993}.Debug|Any CPU.Build.0 = Debug|Any CPU
		{AD955ADE-FBDD-4D92-8A73-ABD5433F7993}.Release|Any CPU.ActiveCfg = Release|Any CPU
		{AD955ADE-FBDD-4D92-8A73-ABD5433F7993}.Release|Any CPU.Build.0 = Release|Any CPU
	EndGlobalSection
	GlobalSection(SolutionProperties) = preSolution
		HideSolutionNode = FALSE
	EndGlobalSection
	GlobalSection(ExtensibilityGlobals) = postSolution
		SolutionGuid = {1FA08EB8-3CEF-46DB-BAD5-F2D703DE3F9D}
	EndGlobalSection
EndGlobal
